
Microsoft Visual Studio Solution File, Format Version 12.00
# Visual Studio 14
VisualStudioVersion = 14.0.25420.1
MinimumVisualStudioVersion = 10.0.40219.1
Project("{FAE04EC0-301F-11D3-BF4B-00C04F79EFBC}") = "Rebanho", "Rebanho\Rebanho.csproj", "{862C11D0-A426-407D-97DE-F0EF01D9EC4B}"
EndProject
Project("{FAE04EC0-301F-11D3-BF4B-00C04F79EFBC}") = "Model", "Model\Model.csproj", "{C1E0186D-5852-4472-92E9-92A6A3FCC297}"
EndProject
Project("{FAE04EC0-301F-11D3-BF4B-00C04F79EFBC}") = "Control", "Control\Control.csproj", "{840B11BC-C993-4FE7-9205-E029C402B23D}"
EndProject
Global
	GlobalSection(SolutionConfigurationPlatforms) = preSolution
		Debug|Any CPU = Debug|Any CPU
		Release|Any CPU = Release|Any CPU
	EndGlobalSection
	GlobalSection(ProjectConfigurationPlatforms) = postSolution
		{862C11D0-A426-407D-97DE-F0EF01D9EC4B}.Debug|Any CPU.ActiveCfg = Debug|Any CPU
		{862C11D0-A426-407D-97DE-F0EF01D9EC4B}.Debug|Any CPU.Build.0 = Debug|Any CPU
		{862C11D0-A426-407D-97DE-F0EF01D9EC4B}.Release|Any CPU.ActiveCfg = Release|Any CPU
		{862C11D0-A426-407D-97DE-F0EF01D9EC4B}.Release|Any CPU.Build.0 = Release|Any CPU
		{C1E0186D-5852-4472-92E9-92A6A3FCC297}.Debug|Any CPU.ActiveCfg = Debug|Any CPU
		{C1E0186D-5852-4472-92E9-92A6A3FCC297}.Debug|Any CPU.Build.0 = Debug|Any CPU
		{C1E0186D-5852-4472-92E9-92A6A3FCC297}.Release|Any CPU.ActiveCfg = Release|Any CPU
		{C1E0186D-5852-4472-92E9-92A6A3FCC297}.Release|Any CPU.Build.0 = Release|Any CPU
		{840B11BC-C993-4FE7-9205-E029C402B23D}.Debug|Any CPU.ActiveCfg = Debug|Any CPU
		{840B11BC-C993-4FE7-9205-E029C402B23D}.Debug|Any CPU.Build.0 = Debug|Any CPU
		{840B11BC-C993-4FE7-9205-E029C402B23D}.Release|Any CPU.ActiveCfg = Release|Any CPU
		{840B11BC-C993-4FE7-9205-E029C402B23D}.Release|Any CPU.Build.0 = Release|Any CPU
	EndGlobalSection
	GlobalSection(SolutionProperties) = preSolution
		HideSolutionNode = FALSE
	EndGlobalSection
EndGlobal
